# THIS IS AN AUTOGENERATED FILE. DO NOT EDIT THIS FILE DIRECTLY.
# yarn lockfile v1


colorette@^1.2.2:
  version "1.2.2"
  resolved "https://registry.npm.taobao.org/colorette/download/colorette-1.2.2.tgz?cache=0&sync_timestamp=1614259647923&other_urls=https%3A%2F%2Fregistry.npm.taobao.org%2Fcolorette%2Fdownload%2Fcolorette-1.2.2.tgz#cbcc79d5e99caea2dbf10eb3a26fd8b3e6acfa94"
  integrity sha1-y8x51emcrqLb8Q6zom/Ys+as+pQ=

esbuild@^0.9.3:
  version "0.9.7"
  resolved "https://registry.npm.taobao.org/esbuild/download/esbuild-0.9.7.tgz#ea0d639cbe4b88ec25fbed4d6ff00c8d788ef70b"
  integrity sha1-6g1jnL5LiOwl++1Nb/AMjXiO9ws=

fsevents@~2.3.1:
  version "2.3.2"
  resolved "https://registry.npm.taobao.org/fsevents/download/fsevents-2.3.2.tgz?cache=0&sync_timestamp=1612536546156&other_urls=https%3A%2F%2Fregistry.npm.taobao.org%2Ffsevents%2Fdownload%2Ffsevents-2.3.2.tgz#8a526f78b8fdf4623b709e0b975c52c24c02fd1a"
  integrity sha1-ilJveLj99GI7cJ4Ll1xSwkwC/Ro=

function-bind@^1.1.1:
  version "1.1.1"
  resolved "https://registry.npm.taobao.org/function-bind/download/function-bind-1.1.1.tgz#a56899d3ea3c9bab874bb9773b7c5ede92f4895d"
  integrity sha1-pWiZ0+o8m6uHS7l3O3xe3pL0iV0=

has@^1.0.3:
  version "1.0.3"
  resolved "https://registry.npm.taobao.org/has/download/has-1.0.3.tgz#722d7cbfc1f6aa8241f16dd814e011e1f41e8796"
  integrity sha1-ci18v8H2qoJB8W3YFOAR4fQeh5Y=
  dependencies:
    function-bind "^1.1.1"

is-core-module@^2.2.0:
  version "2.2.0"
  resolved "https://registry.npm.taobao.org/is-core-module/download/is-core-module-2.2.0.tgz#97037ef3d52224d85163f5597b2b63d9afed981a"
  integrity sha1-lwN+89UiJNhRY/VZeytj2a/tmBo=
  dependencies:
    has "^1.0.3"

nanoid@^3.1.22:
  version "3.1.22"
  resolved "https://registry.npm.taobao.org/nanoid/download/nanoid-3.1.22.tgz#b35f8fb7d151990a8aebd5aa5015c03cf726f844"
  integrity sha1-s1+Pt9FRmQqK69WqUBXAPPcm+EQ=

path-parse@^1.0.6:
  version "1.0.6"
  resolved "https://registry.npm.taobao.org/path-parse/download/path-parse-1.0.6.tgz#d62dbb5679405d72c4737ec58600e9ddcf06d24c"
  integrity sha1-1i27VnlAXXLEc37FhgDp3c8G0kw=

postcss@^8.2.1:
  version "8.2.10"
  resolved "https://registry.npm.taobao.org/postcss/download/postcss-8.2.10.tgz#ca7a042aa8aff494b334d0ff3e9e77079f6f702b"
  integrity sha1-ynoEKqiv9JSzNND/Pp53B59vcCs=
  dependencies:
    colorette "^1.2.2"
    nanoid "^3.1.22"
    source-map "^0.6.1"

resolve@^1.19.0:
  version "1.20.0"
  resolved "https://registry.npm.taobao.org/resolve/download/resolve-1.20.0.tgz#629a013fb3f70755d6f0b7935cc1c2c5378b1975"
  integrity sha1-YpoBP7P3B1XW8LeTXMHCxTeLGXU=
  dependencies:
    is-core-module "^2.2.0"
    path-parse "^1.0.6"

rollup@^2.38.5:
  version "2.45.2"
  resolved "https://registry.npm.taobao.org/rollup/download/rollup-2.45.2.tgz#8fb85917c9f35605720e92328f3ccbfba6f78b48"
  integrity sha1-j7hZF8nzVgVyDpIyjzzL+6b3i0g=
  optionalDependencies:
    fsevents "~2.3.1"

source-map@^0.6.1:
  version "0.6.1"
  resolved "https://registry.npm.taobao.org/source-map/download/source-map-0.6.1.tgz?cache=0&sync_timestamp=1601546737481&other_urls=https%3A%2F%2Fregistry.npm.taobao.org%2Fsource-map%2Fdownload%2Fsource-map-0.6.1.tgz#74722af32e9614e9c287a8d0bbde48b5e2f1a263"
  integrity sha1-dHIq8y6WFOnCh6jQu95IteLxomM=

vite@^2.1.5:
  version "2.1.5"
  resolved "https://registry.npm.taobao.org/vite/download/vite-2.1.5.tgz?cache=0&other_urls=https%3A%2F%2Fregistry.npm.taobao.org%2Fvite%2Fdownload%2Fvite-2.1.5.tgz#4857da441c62f7982c83cbd5f42a00330f20c9c1"
  integrity sha1-SFfaRBxi95gsg8vV9CoAMw8gycE=
  dependencies:
    esbuild "^0.9.3"
    postcss "^8.2.1"
    resolve "^1.19.0"
    rollup "^2.38.5"
  optionalDependencies:
    fsevents "~2.3.1"
