{
  "name": "rpc",
  "version": "1.0.0",
  "lockfileVersion": 1,
  "requires": true,
  "dependencies": {
    "generate-function": {
      "version": "2.3.1",
      "resolved": "https://registry.nlark.com/generate-function/download/generate-function-2.3.1.tgz",
      "integrity": "sha1-8GlhdpDBDIaOc7hGV0Z2T5fDR58=",
      "requires": {
        "is-property": "^1.0.2"
      }
    },
    "generate-object-property": {
      "version": "1.2.0",
      "resolved": "https://registry.nlark.com/generate-object-property/download/generate-object-property-1.2.0.tgz",
      "integrity": "sha1-nA4cQDCM6AT0eDYYuTf6iPmdUNA=",
      "requires": {
        "is-property": "^1.0.0"
      }
    },
    "is-property": {
      "version": "1.0.2",
      "resolved": "https://registry.nlark.com/is-property/download/is-property-1.0.2.tgz",
      "integrity": "sha1-V/4cTkhHTt1lsJkR8msc1Ald2oQ="
    },
    "protocol-buffers": {
      "version": "4.2.0",
      "resolved": "https://registry.nlark.com/protocol-buffers/download/protocol-buffers-4.2.0.tgz",
      "integrity": "sha1-4lxkw2v5sMd7VUbxRzRNkAxJUAE=",
      "requires": {
        "generate-function": "^2.0.0",
        "generate-object-property": "^1.2.0",
        "protocol-buffers-encodings": "^1.1.0",
        "protocol-buffers-schema": "^3.1.1",
        "signed-varint": "^2.0.0",
        "varint": "^5.0.0"
      }
    },
    "protocol-buffers-encodings": {
      "version": "1.1.1",
      "resolved": "https://registry.nlark.com/protocol-buffers-encodings/download/protocol-buffers-encodings-1.1.1.tgz",
      "integrity": "sha1-8eSjhnEYIxNzMBcdLIK0nQYuddM=",
      "requires": {
        "signed-varint": "^2.0.1",
        "varint": "5.0.0"
      },
      "dependencies": {
        "varint": {
          "version": "5.0.0",
          "resolved": "https://registry.npm.taobao.org/varint/download/varint-5.0.0.tgz",
          "integrity": "sha1-2Ca4n3SQcy+rwMDtaT7Uddyynr8="
        }
      }
    },
    "protocol-buffers-schema": {
      "version": "3.5.1",
      "resolved": "https://registry.npm.taobao.org/protocol-buffers-schema/download/protocol-buffers-schema-3.5.1.tgz",
      "integrity": "sha1-g4jnaNODrIy+oj4SgN+tt59BIq0="
    },
    "signed-varint": {
      "version": "2.0.1",
      "resolved": "https://registry.nlark.com/signed-varint/download/signed-varint-2.0.1.tgz",
      "integrity": "sha1-UKmYnafJjCxh2tEZvJdHDvhSgSk=",
      "requires": {
        "varint": "~5.0.0"
      }
    },
    "varint": {
      "version": "5.0.2",
      "resolved": "https://registry.npm.taobao.org/varint/download/varint-5.0.2.tgz",
      "integrity": "sha1-W0f4qUfrZouEjgNNz6h9D/in96Q="
    }
  }
}
