{
  "name": "clock",
  "version": "1.0.0",
  "lockfileVersion": 1,
  "requires": true,
  "dependencies": {
    "timer.js": {
      "version": "1.0.4",
      "resolved": "https://registry.npmjs.org/timer.js/-/timer.js-1.0.4.tgz",
      "integrity": "sha1-GNctxczMQKTrOTaUsvSN4qKgKBk=",
      "dev": true
    }
  }
}
